
Microsoft Visual Studio Solution File, Format Version 12.00
# Visual Studio 15
VisualStudioVersion = 15.0.28307.572
MinimumVisualStudioVersion = 10.0.40219.1
Project("{FAE04EC0-301F-11D3-BF4B-00C04F79EFBC}") = "Lambda_Sorgulari", "Lambda_Sorgulari\Lambda_Sorgulari.csproj", "{37157AF9-436B-48D3-8847-CFA9193CC131}"
EndProject
Project("{FAE04EC0-301F-11D3-BF4B-00C04F79EFBC}") = "Ariza_Bildirim", "Ariza_Bildirim\Ariza_Bildirim.csproj", "{33C1C949-FBF0-447C-9110-6F40214221D8}"
EndProject
Global
	GlobalSection(SolutionConfigurationPlatforms) = preSolution
		Debug|Any CPU = Debug|Any CPU
		Release|Any CPU = Release|Any CPU
	EndGlobalSection
	GlobalSection(ProjectConfigurationPlatforms) = postSolution
		{37157AF9-436B-48D3-8847-CFA9193CC131}.Debug|Any CPU.ActiveCfg = Debug|Any CPU
		{37157AF9-436B-48D3-8847-CFA9193CC131}.Debug|Any CPU.Build.0 = Debug|Any CPU
		{37157AF9-436B-48D3-8847-CFA9193CC131}.Release|Any CPU.ActiveCfg = Release|Any CPU
		{37157AF9-436B-48D3-8847-CFA9193CC131}.Release|Any CPU.Build.0 = Release|Any CPU
		{33C1C949-FBF0-447C-9110-6F40214221D8}.Debug|Any CPU.ActiveCfg = Debug|Any CPU
		{33C1C949-FBF0-447C-9110-6F40214221D8}.Debug|Any CPU.Build.0 = Debug|Any CPU
		{33C1C949-FBF0-447C-9110-6F40214221D8}.Release|Any CPU.ActiveCfg = Release|Any CPU
		{33C1C949-FBF0-447C-9110-6F40214221D8}.Release|Any CPU.Build.0 = Release|Any CPU
	EndGlobalSection
	GlobalSection(SolutionProperties) = preSolution
		HideSolutionNode = FALSE
	EndGlobalSection
	GlobalSection(ExtensibilityGlobals) = postSolution
		SolutionGuid = {8B90F44F-BC8A-434D-8885-B2BD1ECDEFAC}
	EndGlobalSection
EndGlobal
